{
  "name": "ngx-anx-forms",
  "version": "0.0.1",
  "lockfileVersion": 1,
  "requires": true,
  "dependencies": {
    "@ng-select/ng-select": {
      "version": "2.12.0",
      "resolved": "https://registry.npmjs.org/@ng-select/ng-select/-/ng-select-2.12.0.tgz",
      "integrity": "sha512-u92DSPc5Gt8HgIsS9UaRnPJIMn5p0EbikqRn83lErzXlN43C7if4fFxZn3ZpdtAOJHebOkyzdH11DVu6v7NoAQ==",
      "requires": {
        "tslib": "^1.9.0"
      }
    },
    "tslib": {
      "version": "1.9.3",
      "resolved": "https://registry.npmjs.org/tslib/-/tslib-1.9.3.tgz",
      "integrity": "sha512-4krF8scpejhaOgqzBEcGM7yDIEfi0/8+8zDRZhNZZ2kjmHJ4hv3zCbQWxoJGz1iw5U0Jl0nma13xzHXcncMavQ=="
    }
  }
}
